
Microsoft Visual Studio Solution File, Format Version 12.00
# Visual Studio Version 17
VisualStudioVersion = 17.0.31903.59
MinimumVisualStudioVersion = 10.0.40219.1
Project("{FAE04EC0-301F-11D3-BF4B-00C04F79EFBC}") = "ReadTrack.AppHost", "ReadTrack.AppHost\ReadTrack.AppHost.csproj", "{3A5CAE60-1A67-4BA8-84ED-B6B8FAC4F37B}"
EndProject
Project("{FAE04EC0-301F-11D3-BF4B-00C04F79EFBC}") = "ReadTrack.API", "ReadTrack.API\ReadTrack.API.csproj", "{717CFF77-6530-4B2A-88DA-740547A0A1C7}"
EndProject
Project("{FAE04EC0-301F-11D3-BF4B-00C04F79EFBC}") = "ReadTrack.API.Tests", "ReadTrack.API.Tests\ReadTrack.API.Tests.csproj", "{8D4EA7DA-7E67-486A-8455-423B39C8CF38}"
EndProject
Project("{FAE04EC0-301F-11D3-BF4B-00C04F79EFBC}") = "ReadTrack.ServiceDefaults", "ReadTrack.ServiceDefaults\ReadTrack.ServiceDefaults.csproj", "{C389A4DD-AAC4-4E9C-859B-C61380454CB8}"
EndProject
Project("{FAE04EC0-301F-11D3-BF4B-00C04F79EFBC}") = "ReadTrack.Shared", "ReadTrack.Shared\ReadTrack.Shared.csproj", "{FBE28368-D0A2-4517-A15B-7B5F76DE1B53}"
EndProject
Project("{FAE04EC0-301F-11D3-BF4B-00C04F79EFBC}") = "ReadTrack.Web.Blazor", "ReadTrack.Web.Blazor\ReadTrack.Web.Blazor.csproj", "{52B622BF-F468-446F-830C-41CC5494EC84}"
EndProject
Project("{FAE04EC0-301F-11D3-BF4B-00C04F79EFBC}") = "ReadTrack.Web.Blazor.Client", "ReadTrack.Web.Blazor.Client\ReadTrack.Web.Blazor.Client.csproj", "{97AF798D-DE1A-4A01-8AD7-277CBE21AD2D}"
EndProject
Global
	GlobalSection(SolutionConfigurationPlatforms) = preSolution
		Debug|Any CPU = Debug|Any CPU
		Debug|x64 = Debug|x64
		Debug|x86 = Debug|x86
		Release|Any CPU = Release|Any CPU
		Release|x64 = Release|x64
		Release|x86 = Release|x86
	EndGlobalSection
	GlobalSection(ProjectConfigurationPlatforms) = postSolution
		{3A5CAE60-1A67-4BA8-84ED-B6B8FAC4F37B}.Debug|Any CPU.ActiveCfg = Debug|Any CPU
		{3A5CAE60-1A67-4BA8-84ED-B6B8FAC4F37B}.Debug|Any CPU.Build.0 = Debug|Any CPU
		{3A5CAE60-1A67-4BA8-84ED-B6B8FAC4F37B}.Debug|x64.ActiveCfg = Debug|Any CPU
		{3A5CAE60-1A67-4BA8-84ED-B6B8FAC4F37B}.Debug|x64.Build.0 = Debug|Any CPU
		{3A5CAE60-1A67-4BA8-84ED-B6B8FAC4F37B}.Debug|x86.ActiveCfg = Debug|Any CPU
		{3A5CAE60-1A67-4BA8-84ED-B6B8FAC4F37B}.Debug|x86.Build.0 = Debug|Any CPU
		{3A5CAE60-1A67-4BA8-84ED-B6B8FAC4F37B}.Release|Any CPU.ActiveCfg = Release|Any CPU
		{3A5CAE60-1A67-4BA8-84ED-B6B8FAC4F37B}.Release|Any CPU.Build.0 = Release|Any CPU
		{3A5CAE60-1A67-4BA8-84ED-B6B8FAC4F37B}.Release|x64.ActiveCfg = Release|Any CPU
		{3A5CAE60-1A67-4BA8-84ED-B6B8FAC4F37B}.Release|x64.Build.0 = Release|Any CPU
		{3A5CAE60-1A67-4BA8-84ED-B6B8FAC4F37B}.Release|x86.ActiveCfg = Release|Any CPU
		{3A5CAE60-1A67-4BA8-84ED-B6B8FAC4F37B}.Release|x86.Build.0 = Release|Any CPU
		{717CFF77-6530-4B2A-88DA-740547A0A1C7}.Debug|Any CPU.ActiveCfg = Debug|Any CPU
		{717CFF77-6530-4B2A-88DA-740547A0A1C7}.Debug|Any CPU.Build.0 = Debug|Any CPU
		{717CFF77-6530-4B2A-88DA-740547A0A1C7}.Debug|x64.ActiveCfg = Debug|Any CPU
		{717CFF77-6530-4B2A-88DA-740547A0A1C7}.Debug|x64.Build.0 = Debug|Any CPU
		{717CFF77-6530-4B2A-88DA-740547A0A1C7}.Debug|x86.ActiveCfg = Debug|Any CPU
		{717CFF77-6530-4B2A-88DA-740547A0A1C7}.Debug|x86.Build.0 = Debug|Any CPU
		{717CFF77-6530-4B2A-88DA-740547A0A1C7}.Release|Any CPU.ActiveCfg = Release|Any CPU
		{717CFF77-6530-4B2A-88DA-740547A0A1C7}.Release|Any CPU.Build.0 = Release|Any CPU
		{717CFF77-6530-4B2A-88DA-740547A0A1C7}.Release|x64.ActiveCfg = Release|Any CPU
		{717CFF77-6530-4B2A-88DA-740547A0A1C7}.Release|x64.Build.0 = Release|Any CPU
		{717CFF77-6530-4B2A-88DA-740547A0A1C7}.Release|x86.ActiveCfg = Release|Any CPU
		{717CFF77-6530-4B2A-88DA-740547A0A1C7}.Release|x86.Build.0 = Release|Any CPU
		{8D4EA7DA-7E67-486A-8455-423B39C8CF38}.Debug|Any CPU.ActiveCfg = Debug|Any CPU
		{8D4EA7DA-7E67-486A-8455-423B39C8CF38}.Debug|Any CPU.Build.0 = Debug|Any CPU
		{8D4EA7DA-7E67-486A-8455-423B39C8CF38}.Debug|x64.ActiveCfg = Debug|Any CPU
		{8D4EA7DA-7E67-486A-8455-423B39C8CF38}.Debug|x64.Build.0 = Debug|Any CPU
		{8D4EA7DA-7E67-486A-8455-423B39C8CF38}.Debug|x86.ActiveCfg = Debug|Any CPU
		{8D4EA7DA-7E67-486A-8455-423B39C8CF38}.Debug|x86.Build.0 = Debug|Any CPU
		{8D4EA7DA-7E67-486A-8455-423B39C8CF38}.Release|Any CPU.ActiveCfg = Release|Any CPU
		{8D4EA7DA-7E67-486A-8455-423B39C8CF38}.Release|Any CPU.Build.0 = Release|Any CPU
		{8D4EA7DA-7E67-486A-8455-423B39C8CF38}.Release|x64.ActiveCfg = Release|Any CPU
		{8D4EA7DA-7E67-486A-8455-423B39C8CF38}.Release|x64.Build.0 = Release|Any CPU
		{8D4EA7DA-7E67-486A-8455-423B39C8CF38}.Release|x86.ActiveCfg = Release|Any CPU
		{8D4EA7DA-7E67-486A-8455-423B39C8CF38}.Release|x86.Build.0 = Release|Any CPU
		{C389A4DD-AAC4-4E9C-859B-C61380454CB8}.Debug|Any CPU.ActiveCfg = Debug|Any CPU
		{C389A4DD-AAC4-4E9C-859B-C61380454CB8}.Debug|Any CPU.Build.0 = Debug|Any CPU
		{C389A4DD-AAC4-4E9C-859B-C61380454CB8}.Debug|x64.ActiveCfg = Debug|Any CPU
		{C389A4DD-AAC4-4E9C-859B-C61380454CB8}.Debug|x64.Build.0 = Debug|Any CPU
		{C389A4DD-AAC4-4E9C-859B-C61380454CB8}.Debug|x86.ActiveCfg = Debug|Any CPU
		{C389A4DD-AAC4-4E9C-859B-C61380454CB8}.Debug|x86.Build.0 = Debug|Any CPU
		{C389A4DD-AAC4-4E9C-859B-C61380454CB8}.Release|Any CPU.ActiveCfg = Release|Any CPU
		{C389A4DD-AAC4-4E9C-859B-C61380454CB8}.Release|Any CPU.Build.0 = Release|Any CPU
		{C389A4DD-AAC4-4E9C-859B-C61380454CB8}.Release|x64.ActiveCfg = Release|Any CPU
		{C389A4DD-AAC4-4E9C-859B-C61380454CB8}.Release|x64.Build.0 = Release|Any CPU
		{C389A4DD-AAC4-4E9C-859B-C61380454CB8}.Release|x86.ActiveCfg = Release|Any CPU
		{C389A4DD-AAC4-4E9C-859B-C61380454CB8}.Release|x86.Build.0 = Release|Any CPU
		{FBE28368-D0A2-4517-A15B-7B5F76DE1B53}.Debug|Any CPU.ActiveCfg = Debug|Any CPU
		{FBE28368-D0A2-4517-A15B-7B5F76DE1B53}.Debug|Any CPU.Build.0 = Debug|Any CPU
		{FBE28368-D0A2-4517-A15B-7B5F76DE1B53}.Debug|x64.ActiveCfg = Debug|Any CPU
		{FBE28368-D0A2-4517-A15B-7B5F76DE1B53}.Debug|x64.Build.0 = Debug|Any CPU
		{FBE28368-D0A2-4517-A15B-7B5F76DE1B53}.Debug|x86.ActiveCfg = Debug|Any CPU
		{FBE28368-D0A2-4517-A15B-7B5F76DE1B53}.Debug|x86.Build.0 = Debug|Any CPU
		{FBE28368-D0A2-4517-A15B-7B5F76DE1B53}.Release|Any CPU.ActiveCfg = Release|Any CPU
		{FBE28368-D0A2-4517-A15B-7B5F76DE1B53}.Release|Any CPU.Build.0 = Release|Any CPU
		{FBE28368-D0A2-4517-A15B-7B5F76DE1B53}.Release|x64.ActiveCfg = Release|Any CPU
		{FBE28368-D0A2-4517-A15B-7B5F76DE1B53}.Release|x64.Build.0 = Release|Any CPU
		{FBE28368-D0A2-4517-A15B-7B5F76DE1B53}.Release|x86.ActiveCfg = Release|Any CPU
		{FBE28368-D0A2-4517-A15B-7B5F76DE1B53}.Release|x86.Build.0 = Release|Any CPU
		{52B622BF-F468-446F-830C-41CC5494EC84}.Debug|Any CPU.ActiveCfg = Debug|Any CPU
		{52B622BF-F468-446F-830C-41CC5494EC84}.Debug|Any CPU.Build.0 = Debug|Any CPU
		{52B622BF-F468-446F-830C-41CC5494EC84}.Debug|x64.ActiveCfg = Debug|Any CPU
		{52B622BF-F468-446F-830C-41CC5494EC84}.Debug|x64.Build.0 = Debug|Any CPU
		{52B622BF-F468-446F-830C-41CC5494EC84}.Debug|x86.ActiveCfg = Debug|Any CPU
		{52B622BF-F468-446F-830C-41CC5494EC84}.Debug|x86.Build.0 = Debug|Any CPU
		{52B622BF-F468-446F-830C-41CC5494EC84}.Release|Any CPU.ActiveCfg = Release|Any CPU
		{52B622BF-F468-446F-830C-41CC5494EC84}.Release|Any CPU.Build.0 = Release|Any CPU
		{52B622BF-F468-446F-830C-41CC5494EC84}.Release|x64.ActiveCfg = Release|Any CPU
		{52B622BF-F468-446F-830C-41CC5494EC84}.Release|x64.Build.0 = Release|Any CPU
		{52B622BF-F468-446F-830C-41CC5494EC84}.Release|x86.ActiveCfg = Release|Any CPU
		{52B622BF-F468-446F-830C-41CC5494EC84}.Release|x86.Build.0 = Release|Any CPU
		{97AF798D-DE1A-4A01-8AD7-277CBE21AD2D}.Debug|Any CPU.ActiveCfg = Debug|Any CPU
		{97AF798D-DE1A-4A01-8AD7-277CBE21AD2D}.Debug|Any CPU.Build.0 = Debug|Any CPU
		{97AF798D-DE1A-4A01-8AD7-277CBE21AD2D}.Debug|x64.ActiveCfg = Debug|Any CPU
		{97AF798D-DE1A-4A01-8AD7-277CBE21AD2D}.Debug|x64.Build.0 = Debug|Any CPU
		{97AF798D-DE1A-4A01-8AD7-277CBE21AD2D}.Debug|x86.ActiveCfg = Debug|Any CPU
		{97AF798D-DE1A-4A01-8AD7-277CBE21AD2D}.Debug|x86.Build.0 = Debug|Any CPU
		{97AF798D-DE1A-4A01-8AD7-277CBE21AD2D}.Release|Any CPU.ActiveCfg = Release|Any CPU
		{97AF798D-DE1A-4A01-8AD7-277CBE21AD2D}.Release|Any CPU.Build.0 = Release|Any CPU
		{97AF798D-DE1A-4A01-8AD7-277CBE21AD2D}.Release|x64.ActiveCfg = Release|Any CPU
		{97AF798D-DE1A-4A01-8AD7-277CBE21AD2D}.Release|x64.Build.0 = Release|Any CPU
		{97AF798D-DE1A-4A01-8AD7-277CBE21AD2D}.Release|x86.ActiveCfg = Release|Any CPU
		{97AF798D-DE1A-4A01-8AD7-277CBE21AD2D}.Release|x86.Build.0 = Release|Any CPU
	EndGlobalSection
	GlobalSection(SolutionProperties) = preSolution
		HideSolutionNode = FALSE
	EndGlobalSection
EndGlobal
