
Microsoft Visual Studio Solution File, Format Version 12.00
# Visual Studio Version 17
VisualStudioVersion = 17.0.31903.59
MinimumVisualStudioVersion = 10.0.40219.1
Project("{FAE04EC0-301F-11D3-BF4B-00C04F79EFBC}") = "ReadTrack.Web.Blazor", "ReadTrack.Web.Blazor\ReadTrack.Web.Blazor.csproj", "{09479DBA-23FA-4809-8874-05F4EBEDA78E}"
EndProject
Project("{FAE04EC0-301F-11D3-BF4B-00C04F79EFBC}") = "ReadTrack.Web.Blazor.Tests", "ReadTrack.Web.Blazor.Tests\ReadTrack.Web.Blazor.Tests.csproj", "{297F26FA-2DE3-4B95-9CB1-5239E60EB71C}"
EndProject
Global
	GlobalSection(SolutionConfigurationPlatforms) = preSolution
		Debug|Any CPU = Debug|Any CPU
		Release|Any CPU = Release|Any CPU
	EndGlobalSection
	GlobalSection(SolutionProperties) = preSolution
		HideSolutionNode = FALSE
	EndGlobalSection
	GlobalSection(ProjectConfigurationPlatforms) = postSolution
		{09479DBA-23FA-4809-8874-05F4EBEDA78E}.Debug|Any CPU.ActiveCfg = Debug|Any CPU
		{09479DBA-23FA-4809-8874-05F4EBEDA78E}.Debug|Any CPU.Build.0 = Debug|Any CPU
		{09479DBA-23FA-4809-8874-05F4EBEDA78E}.Release|Any CPU.ActiveCfg = Release|Any CPU
		{09479DBA-23FA-4809-8874-05F4EBEDA78E}.Release|Any CPU.Build.0 = Release|Any CPU
		{297F26FA-2DE3-4B95-9CB1-5239E60EB71C}.Debug|Any CPU.ActiveCfg = Debug|Any CPU
		{297F26FA-2DE3-4B95-9CB1-5239E60EB71C}.Debug|Any CPU.Build.0 = Debug|Any CPU
		{297F26FA-2DE3-4B95-9CB1-5239E60EB71C}.Release|Any CPU.ActiveCfg = Release|Any CPU
		{297F26FA-2DE3-4B95-9CB1-5239E60EB71C}.Release|Any CPU.Build.0 = Release|Any CPU
	EndGlobalSection
EndGlobal
